
Microsoft Visual Studio Solution File, Format Version 12.00
# Visual Studio Version 17
VisualStudioVersion = 17.0.31903.59
MinimumVisualStudioVersion = 10.0.40219.1
Project("{9A19103F-16F7-4668-BE54-9A1E7A4F7556}") = "BankingSimulation.RBS", "BankingSimulation.RBS\BankingSimulation.RBS.csproj", "{83AF25F2-DF02-491B-A6B0-B3482D327EE9}"
EndProject
Project("{9A19103F-16F7-4668-BE54-9A1E7A4F7556}") = "BankingSimulation.Data", "BankingSimulation.Data\BankingSimulation.Data.csproj", "{4DA3AFB5-D598-4CB8-854C-241DAAFE7C05}"
EndProject
Project("{9A19103F-16F7-4668-BE54-9A1E7A4F7556}") = "BankingSimulation.Services", "BankingSimulation.Services\BankingSimulation.Services.csproj", "{3D685D02-CCBB-4BC7-B868-AFC55D74EAA4}"
EndProject
Project("{9A19103F-16F7-4668-BE54-9A1E7A4F7556}") = "BankingSimulation.UI", "BankingSimulation.UI\BankingSimulation.UI.csproj", "{26A24181-57A8-42AF-88D5-94796F296F98}"
EndProject
Project("{9A19103F-16F7-4668-BE54-9A1E7A4F7556}") = "Microsoft.AspNetCore.OData", "AspNetCoreOData\src\Microsoft.AspNetCore.OData\Microsoft.AspNetCore.OData.csproj", "{D93FC0E0-9F25-460F-80AC-4F15DA919CD7}"
EndProject
Project("{9A19103F-16F7-4668-BE54-9A1E7A4F7556}") = "BankingSimulation.Barclays", "BankingSimulation.Barclays\BankingSimulation.Barclays.csproj", "{AFBDB76E-1453-441B-86C9-890846FFE064}"
EndProject
Project("{9A19103F-16F7-4668-BE54-9A1E7A4F7556}") = "BankingSimulation.BarclaysCard", "BankingSimulation.BarclaysCard\BankingSimulation.BarclaysCard.csproj", "{E31FCCDE-3908-4C13-967B-0D2D9799191C}"
EndProject
Project("{9A19103F-16F7-4668-BE54-9A1E7A4F7556}") = "BankingSimulation.MBNA", "BankingSimulation.MBNA\BankingSimulation.MBNA.csproj", "{B6FCCBA7-7251-4BCB-8D9A-8E991F2EBDAD}"
EndProject
Project("{9A19103F-16F7-4668-BE54-9A1E7A4F7556}") = "BankingSimulation.Nationwide", "BankingSimulation.Nationwide\BankingSimulation.Nationwide.csproj", "{F299D78E-D6B5-4948-ADD5-84B558861D27}"
EndProject
Project("{FAE04EC0-301F-11D3-BF4B-00C04F79EFBC}") = "BankingSImulation.BlazorServer", "BankingSImulation.BlazorServer\BankingSImulation.BlazorServer.csproj", "{3E396E7D-9609-44BA-8073-9360E5361062}"
EndProject
Global
	GlobalSection(SolutionConfigurationPlatforms) = preSolution
		Debug|Any CPU = Debug|Any CPU
		Release|Any CPU = Release|Any CPU
	EndGlobalSection
	GlobalSection(ProjectConfigurationPlatforms) = postSolution
		{83AF25F2-DF02-491B-A6B0-B3482D327EE9}.Debug|Any CPU.ActiveCfg = Debug|Any CPU
		{83AF25F2-DF02-491B-A6B0-B3482D327EE9}.Debug|Any CPU.Build.0 = Debug|Any CPU
		{83AF25F2-DF02-491B-A6B0-B3482D327EE9}.Release|Any CPU.ActiveCfg = Release|Any CPU
		{83AF25F2-DF02-491B-A6B0-B3482D327EE9}.Release|Any CPU.Build.0 = Release|Any CPU
		{4DA3AFB5-D598-4CB8-854C-241DAAFE7C05}.Debug|Any CPU.ActiveCfg = Debug|Any CPU
		{4DA3AFB5-D598-4CB8-854C-241DAAFE7C05}.Debug|Any CPU.Build.0 = Debug|Any CPU
		{4DA3AFB5-D598-4CB8-854C-241DAAFE7C05}.Release|Any CPU.ActiveCfg = Release|Any CPU
		{4DA3AFB5-D598-4CB8-854C-241DAAFE7C05}.Release|Any CPU.Build.0 = Release|Any CPU
		{3D685D02-CCBB-4BC7-B868-AFC55D74EAA4}.Debug|Any CPU.ActiveCfg = Debug|Any CPU
		{3D685D02-CCBB-4BC7-B868-AFC55D74EAA4}.Debug|Any CPU.Build.0 = Debug|Any CPU
		{3D685D02-CCBB-4BC7-B868-AFC55D74EAA4}.Release|Any CPU.ActiveCfg = Release|Any CPU
		{3D685D02-CCBB-4BC7-B868-AFC55D74EAA4}.Release|Any CPU.Build.0 = Release|Any CPU
		{26A24181-57A8-42AF-88D5-94796F296F98}.Debug|Any CPU.ActiveCfg = Debug|Any CPU
		{26A24181-57A8-42AF-88D5-94796F296F98}.Debug|Any CPU.Build.0 = Debug|Any CPU
		{26A24181-57A8-42AF-88D5-94796F296F98}.Release|Any CPU.ActiveCfg = Release|Any CPU
		{26A24181-57A8-42AF-88D5-94796F296F98}.Release|Any CPU.Build.0 = Release|Any CPU
		{D93FC0E0-9F25-460F-80AC-4F15DA919CD7}.Debug|Any CPU.ActiveCfg = Debug|Any CPU
		{D93FC0E0-9F25-460F-80AC-4F15DA919CD7}.Debug|Any CPU.Build.0 = Debug|Any CPU
		{D93FC0E0-9F25-460F-80AC-4F15DA919CD7}.Release|Any CPU.ActiveCfg = Release|Any CPU
		{D93FC0E0-9F25-460F-80AC-4F15DA919CD7}.Release|Any CPU.Build.0 = Release|Any CPU
		{AFBDB76E-1453-441B-86C9-890846FFE064}.Debug|Any CPU.ActiveCfg = Debug|Any CPU
		{AFBDB76E-1453-441B-86C9-890846FFE064}.Debug|Any CPU.Build.0 = Debug|Any CPU
		{AFBDB76E-1453-441B-86C9-890846FFE064}.Release|Any CPU.ActiveCfg = Release|Any CPU
		{AFBDB76E-1453-441B-86C9-890846FFE064}.Release|Any CPU.Build.0 = Release|Any CPU
		{E31FCCDE-3908-4C13-967B-0D2D9799191C}.Debug|Any CPU.ActiveCfg = Debug|Any CPU
		{E31FCCDE-3908-4C13-967B-0D2D9799191C}.Debug|Any CPU.Build.0 = Debug|Any CPU
		{E31FCCDE-3908-4C13-967B-0D2D9799191C}.Release|Any CPU.ActiveCfg = Release|Any CPU
		{E31FCCDE-3908-4C13-967B-0D2D9799191C}.Release|Any CPU.Build.0 = Release|Any CPU
		{B6FCCBA7-7251-4BCB-8D9A-8E991F2EBDAD}.Debug|Any CPU.ActiveCfg = Debug|Any CPU
		{B6FCCBA7-7251-4BCB-8D9A-8E991F2EBDAD}.Debug|Any CPU.Build.0 = Debug|Any CPU
		{B6FCCBA7-7251-4BCB-8D9A-8E991F2EBDAD}.Release|Any CPU.ActiveCfg = Release|Any CPU
		{B6FCCBA7-7251-4BCB-8D9A-8E991F2EBDAD}.Release|Any CPU.Build.0 = Release|Any CPU
		{F299D78E-D6B5-4948-ADD5-84B558861D27}.Debug|Any CPU.ActiveCfg = Debug|Any CPU
		{F299D78E-D6B5-4948-ADD5-84B558861D27}.Debug|Any CPU.Build.0 = Debug|Any CPU
		{F299D78E-D6B5-4948-ADD5-84B558861D27}.Release|Any CPU.ActiveCfg = Release|Any CPU
		{F299D78E-D6B5-4948-ADD5-84B558861D27}.Release|Any CPU.Build.0 = Release|Any CPU
		{3E396E7D-9609-44BA-8073-9360E5361062}.Debug|Any CPU.ActiveCfg = Debug|Any CPU
		{3E396E7D-9609-44BA-8073-9360E5361062}.Debug|Any CPU.Build.0 = Debug|Any CPU
		{3E396E7D-9609-44BA-8073-9360E5361062}.Release|Any CPU.ActiveCfg = Release|Any CPU
		{3E396E7D-9609-44BA-8073-9360E5361062}.Release|Any CPU.Build.0 = Release|Any CPU
	EndGlobalSection
	GlobalSection(SolutionProperties) = preSolution
		HideSolutionNode = FALSE
	EndGlobalSection
	GlobalSection(ExtensibilityGlobals) = postSolution
		SolutionGuid = {F48903F9-2B4F-4512-8060-17F68D61D1A7}
	EndGlobalSection
EndGlobal
